// !$*UTF8*$!
{
	archiveVersion = 1;
	classes = {
	};
	objectVersion = 48;
	objects = {

/* Begin PBXBuildFile section */
		8D22A8382099E8370090646D /* AppDelegate.swift in Sources */ = {isa = PBXBuildFile; fileRef = 8D22A8372099E8370090646D /* AppDelegate.swift */; };
		8D22A83A2099E8370090646D /* ViewController.swift in Sources */ = {isa = PBXBuildFile; fileRef = 8D22A8392099E8370090646D /* ViewController.swift */; };
		8D22A83D2099E8380090646D /* Main.storyboard in Resources */ = {isa = PBXBuildFile; fileRef = 8D22A83B2099E8380090646D /* Main.storyboard */; };
		8D22A83F2099E8380090646D /* Assets.xcassets in Resources */ = {isa = PBXBuildFile; fileRef = 8D22A83E2099E8380090646D /* Assets.xcassets */; };
		8D22A8422099E8380090646D /* LaunchScreen.storyboard in Resources */ = {isa = PBXBuildFile; fileRef = 8D22A8402099E8380090646D /* LaunchScreen.storyboard */; };
		8D22A84C209A23C80090646D /* CaptainTeam.swift in Sources */ = {isa = PBXBuildFile; fileRef = 8D22A84B209A23C80090646D /* CaptainTeam.swift */; };
/* End PBXBuildFile section */

/* Begin PBXFileReference section */
		8D22A8342099E8370090646D /* Protocoles+delegates.app */ = {isa = PBXFileReference; explicitFileType = wrapper.application; includeInIndex = 0; path = "Protocoles+delegates.app"; sourceTree = BUILT_PRODUCTS_DIR; };
		8D22A8372099E8370090646D /* AppDelegate.swift */ = {isa = PBXFileReference; lastKnownFileType = sourcecode.swift; path = AppDelegate.swift; sourceTree = "<group>"; };
		8D22A8392099E8370090646D /* ViewController.swift */ = {isa = PBXFileReference; lastKnownFileType = sourcecode.swift; path = ViewController.swift; sourceTree = "<group>"; };
		8D22A83C2099E8380090646D /* Base */ = {isa = PBXFileReference; lastKnownFileType = file.storyboard; name = Base; path = Base.lproj/Main.storyboard; sourceTree = "<group>"; };
		8D22A83E2099E8380090646D /* Assets.xcassets */ = {isa = PBXFileReference; lastKnownFileType = folder.assetcatalog; path = Assets.xcassets; sourceTree = "<group>"; };
		8D22A8412099E8380090646D /* Base */ = {isa = PBXFileReference; lastKnownFileType = file.storyboard; name = Base; path = Base.lproj/LaunchScreen.storyboard; sourceTree = "<group>"; };
		8D22A8432099E8380090646D /* Info.plist */ = {isa = PBXFileReference; lastKnownFileType = text.plist.xml; path = Info.plist; sourceTree = "<group>"; };
		8D22A84B209A23C80090646D /* CaptainTeam.swift */ = {isa = PBXFileReference; lastKnownFileType = sourcecode.swift; path = CaptainTeam.swift; sourceTree = "<group>"; };
/* End PBXFileReference section */

/* Begin PBXFrameworksBuildPhase section */
		8D22A8312099E8370090646D /* Frameworks */ = {
			isa = PBXFrameworksBuildPhase;
			buildActionMask = 2147483647;
			files = (
			);
			runOnlyForDeploymentPostprocessing = 0;
		};
/* End PBXFrameworksBuildPhase section */

/* Begin PBXGroup section */
		8D22A82B2099E8370090646D = {
			isa = PBXGroup;
			children = (
				8D22A8362099E8370090646D /* Protocoles+delegates */,
				8D22A8352099E8370090646D /* Products */,
			);
			sourceTree = "<group>";
		};
		8D22A8352099E8370090646D /* Products */ = {
			isa = PBXGroup;
			children = (
				8D22A8342099E8370090646D /* Protocoles+delegates.app */,
			);
			name = Products;
			sourceTree = "<group>";
		};
		8D22A8362099E8370090646D /* Protocoles+delegates */ = {
			isa = PBXGroup;
			children = (
				8D22A8372099E8370090646D /* AppDelegate.swift */,
				8D22A8392099E8370090646D /* ViewController.swift */,
				8D22A84B209A23C80090646D /* CaptainTeam.swift */,
				8D22A83B2099E8380090646D /* Main.storyboard */,
				8D22A83E2099E8380090646D /* Assets.xcassets */,
				8D22A8402099E8380090646D /* LaunchScreen.storyboard */,
				8D22A8432099E8380090646D /* Info.plist */,
			);
			path = "Protocoles+delegates";
			sourceTree = "<group>";
		};
/* End PBXGroup section */

/* Begin PBXNativeTarget section */
		8D22A8332099E8370090646D /* Protocoles+delegates */ = {
			isa = PBXNativeTarget;
			buildConfigurationList = 8D22A8462099E8380090646D /* Build configuration list for PBXNativeTarget "Protocoles+delegates" */;
			buildPhases = (
				8D22A8302099E8370090646D /* Sources */,
				8D22A8312099E8370090646D /* Frameworks */,
				8D22A8322099E8370090646D /* Resources */,
			);
			buildRules = (
			);
			dependencies = (
			);
			name = "Protocoles+delegates";
			productName = "Protocoles+delegates";
			productReference = 8D22A8342099E8370090646D /* Protocoles+delegates.app */;
			productType = "com.apple.product-type.application";
		};
/* End PBXNativeTarget section */

/* Begin PBXProject section */
		8D22A82C2099E8370090646D /* Project object */ = {
			isa = PBXProject;
			attributes = {
				LastSwiftUpdateCheck = 0920;
				LastUpgradeCheck = 0920;
				ORGANIZATIONNAME = "Israel Manzo";
				TargetAttributes = {
					8D22A8332099E8370090646D = {
						CreatedOnToolsVersion = 9.2;
						ProvisioningStyle = Automatic;
					};
				};
			};
			buildConfigurationList = 8D22A82F2099E8370090646D /* Build configuration list for PBXProject "Protocoles+delegates" */;
			compatibilityVersion = "Xcode 8.0";
			developmentRegion = en;
			hasScannedForEncodings = 0;
			knownRegions = (
				en,
				Base,
			);
			mainGroup = 8D22A82B2099E8370090646D;
			productRefGroup = 8D22A8352099E8370090646D /* Products */;
			projectDirPath = "";
			projectRoot = "";
			targets = (
				8D22A8332099E8370090646D /* Protocoles+delegates */,
			);
		};
/* End PBXProject section */

/* Begin PBXResourcesBuildPhase section */
		8D22A8322099E8370090646D /* Resources */ = {
			isa = PBXResourcesBuildPhase;
			buildActionMask = 2147483647;
			files = (
				8D22A8422099E8380090646D /* LaunchScreen.storyboard in Resources */,
				8D22A83F2099E8380090646D /* Assets.xcassets in Resources */,
				8D22A83D2099E8380090646D /* Main.storyboard in Resources */,
			);
			runOnlyForDeploymentPostprocessing = 0;
		};
/* End PBXResourcesBuildPhase section */

/* Begin PBXSourcesBuildPhase section */
		8D22A8302099E8370090646D /* Sources */ = {
			isa = PBXSourcesBuildPhase;
			buildActionMask = 2147483647;
			files = (
				8D22A83A2099E8370090646D /* ViewController.swift in Sources */,
				8D22A8382099E8370090646D /* AppDelegate.swift in Sources */,
				8D22A84C209A23C80090646D /* CaptainTeam.swift in Sources */,
			);
			runOnlyForDeploymentPostprocessing = 0;
		};
/* End PBXSourcesBuildPhase section */

/* Begin PBXVariantGroup section */
		8D22A83B2099E8380090646D /* Main.storyboard */ = {
			isa = PBXVariantGroup;
			children = (
				8D22A83C2099E8380090646D /* Base */,
			);
			name = Main.storyboard;
			sourceTree = "<group>";
		};
		8D22A8402099E8380090646D /* LaunchScreen.storyboard */ = {
			isa = PBXVariantGroup;
			children = (
				8D22A8412099E8380090646D /* Base */,
			);
			name = LaunchScreen.storyboard;
			sourceTree = "<group>";
		};
/* End PBXVariantGroup section */

/* Begin XCBuildConfiguration section */
		8D22A8442099E8380090646D /* Debug */ = {
			isa = XCBuildConfiguration;
			buildSettings = {
				ALWAYS_SEARCH_USER_PATHS = NO;
				CLANG_ANALYZER_NONNULL = YES;
				CLANG_ANALYZER_NUMBER_OBJECT_CONVERSION = YES_AGGRESSIVE;
				CLANG_CXX_LANGUAGE_STANDARD = "gnu++14";
				CLANG_CXX_LIBRARY = "libc++";
				CLANG_ENABLE_MODULES = YES;
				CLANG_ENABLE_OBJC_ARC = YES;
				CLANG_WARN_BLOCK_CAPTURE_AUTORELEASING = YES;
				CLANG_WARN_BOOL_CONVERSION = YES;
				CLANG_WARN_COMMA = YES;
				CLANG_WARN_CONSTANT_CONVERSION = YES;
				CLANG_WARN_DIRECT_OBJC_ISA_USAGE = YES_ERROR;
				CLANG_WARN_DOCUMENTATION_COMMENTS = YES;
				CLANG_WARN_EMPTY_BODY = YES;
				CLANG_WARN_ENUM_CONVERSION = YES;
				CLANG_WARN_INFINITE_RECURSION = YES;
				CLANG_WARN_INT_CONVERSION = YES;
				CLANG_WARN_NON_LITERAL_NULL_CONVERSION = YES;
				CLANG_WARN_OBJC_LITERAL_CONVERSION = YES;
				CLANG_WARN_OBJC_ROOT_CLASS = YES_ERROR;
				CLANG_WARN_RANGE_LOOP_ANALYSIS = YES;
				CLANG_WARN_STRICT_PROTOTYPES = YES;
				CLANG_WARN_SUSPICIOUS_MOVE = YES;
				CLANG_WARN_UNGUARDED_AVAILABILITY = YES_AGGRESSIVE;
				CLANG_WARN_UNREACHABLE_CODE = YES;
				CLANG_WARN__DUPLICATE_METHOD_MATCH = YES;
				CODE_SIGN_IDENTITY = "iPhone Developer";
				COPY_PHASE_STRIP = NO;
				DEBUG_INFORMATION_FORMAT = dwarf;
				ENABLE_STRICT_OBJC_MSGSEND = YES;
				ENABLE_TESTABILITY = YES;
				GCC_C_LANGUAGE_STANDARD = gnu11;
				GCC_DYNAMIC_NO_PIC = NO;
				GCC_NO_COMMON_BLOCKS = YES;
				GCC_OPTIMIZATION_LEVEL = 0;
				GCC_PREPROCESSOR_DEFINITIONS = (
					"DEBUG=1",
					"$(inherited)",
				);
				GCC_WARN_64_TO_32_BIT_CONVERSION = YES;
				GCC_WARN_ABOUT_RETURN_TYPE = YES_ERROR;
				GCC_WARN_UNDECLARED_SELECTOR = YES;
				GCC_WARN_UNINITIALIZED_AUTOS = YES_AGGRESSIVE;
				GCC_WARN_UNUSED_FUNCTION = YES;
				GCC_WARN_UNUSED_VARIABLE = YES;
				IPHONEOS_DEPLOYMENT_TARGET = 11.2;
				MTL_ENABLE_DEBUG_INFO = YES;
				ONLY_ACTIVE_ARCH = YES;
				SDKROOT = iphoneos;
				SWIFT_ACTIVE_COMPILATION_CONDITIONS = DEBUG;
				SWIFT_OPTIMIZATION_LEVEL = "-Onone";
			};
			name = Debug;
		};
		8D22A8452099E8380090646D /* Release */ = {
			isa = XCBuildConfiguration;
			buildSettings = {
				ALWAYS_SEARCH_USER_PATHS = NO;
				CLANG_ANALYZER_NONNULL = YES;
				CLANG_ANALYZER_NUMBER_OBJECT_CONVERSION = YES_AGGRESSIVE;
				CLANG_CXX_LANGUAGE_STANDARD = "gnu++14";
				CLANG_CXX_LIBRARY = "libc++";
				CLANG_ENABLE_MODULES = YES;
				CLANG_ENABLE_OBJC_ARC = YES;
				CLANG_WARN_BLOCK_CAPTURE_AUTORELEASING = YES;
				CLANG_WARN_BOOL_CONVERSION = YES;
				CLANG_WARN_COMMA = YES;
				CLANG_WARN_CONSTANT_CONVERSION = YES;
				CLANG_WARN_DIRECT_OBJC_ISA_USAGE = YES_ERROR;
				CLANG_WARN_DOCUMENTATION_COMMENTS = YES;
				CLANG_WARN_EMPTY_BODY = YES;
				CLANG_WARN_ENUM_CONVERSION = YES;
				CLANG_WARN_INFINITE_RECURSION = YES;
				CLANG_WARN_INT_CONVERSION = YES;
				CLANG_WARN_NON_LITERAL_NULL_CONVERSION = YES;
				CLANG_WARN_OBJC_LITERAL_CONVERSION = YES;
				CLANG_WARN_OBJC_ROOT_CLASS = YES_ERROR;
				CLANG_WARN_RANGE_LOOP_ANALYSIS = YES;
				CLANG_WARN_STRICT_PROTOTYPES = YES;
				CLANG_WARN_SUSPICIOUS_MOVE = YES;
				CLANG_WARN_UNGUARDED_AVAILABILITY = YES_AGGRESSIVE;
				CLANG_WARN_UNREACHABLE_CODE = YES;
				CLANG_WARN__DUPLICATE_METHOD_MATCH = YES;
				CODE_SIGN_IDENTITY = "iPhone Developer";
				COPY_PHASE_STRIP = NO;
				DEBUG_INFORMATION_FORMAT = "dwarf-with-dsym";
				ENABLE_NS_ASSERTIONS = NO;
				ENABLE_STRICT_OBJC_MSGSEND = YES;
				GCC_C_LANGUAGE_STANDARD = gnu11;
				GCC_NO_COMMON_BLOCKS = YES;
				GCC_WARN_64_TO_32_BIT_CONVERSION = YES;
				GCC_WARN_ABOUT_RETURN_TYPE = YES_ERROR;
				GCC_WARN_UNDECLARED_SELECTOR = YES;
				GCC_WARN_UNINITIALIZED_AUTOS = YES_AGGRESSIVE;
				GCC_WARN_UNUSED_FUNCTION = YES;
				GCC_WARN_UNUSED_VARIABLE = YES;
				IPHONEOS_DEPLOYMENT_TARGET = 11.2;
				MTL_ENABLE_DEBUG_INFO = NO;
				SDKROOT = iphoneos;
				SWIFT_OPTIMIZATION_LEVEL = "-Owholemodule";
				VALIDATE_PRODUCT = YES;
			};
			name = Release;
		};
		8D22A8472099E8380090646D /* Debug */ = {
			isa = XCBuildConfiguration;
			buildSettings = {
				ASSETCATALOG_COMPILER_APPICON_NAME = AppIcon;
				CODE_SIGN_STYLE = Automatic;
				DEVELOPMENT_TEAM = 6DC9LP75VX;
				INFOPLIST_FILE = "Protocoles+delegates/Info.plist";
				LD_RUNPATH_SEARCH_PATHS = "$(inherited) @executable_path/Frameworks";
				PRODUCT_BUNDLE_IDENTIFIER = "com.example.inclass.Protocoles-delegates";
				PRODUCT_NAME = "$(TARGET_NAME)";
				SWIFT_VERSION = 4.0;
				TARGETED_DEVICE_FAMILY = "1,2";
			};
			name = Debug;
		};
		8D22A8482099E8380090646D /* Release */ = {
			isa = XCBuildConfiguration;
			buildSettings = {
				ASSETCATALOG_COMPILER_APPICON_NAME = AppIcon;
				CODE_SIGN_STYLE = Automatic;
				DEVELOPMENT_TEAM = 6DC9LP75VX;
				INFOPLIST_FILE = "Protocoles+delegates/Info.plist";
				LD_RUNPATH_SEARCH_PATHS = "$(inherited) @executable_path/Frameworks";
				PRODUCT_BUNDLE_IDENTIFIER = "com.example.inclass.Protocoles-delegates";
				PRODUCT_NAME = "$(TARGET_NAME)";
				SWIFT_VERSION = 4.0;
				TARGETED_DEVICE_FAMILY = "1,2";
			};
			name = Release;
		};
/* End XCBuildConfiguration section */

/* Begin XCConfigurationList section */
		8D22A82F2099E8370090646D /* Build configuration list for PBXProject "Protocoles+delegates" */ = {
			isa = XCConfigurationList;
			buildConfigurations = (
				8D22A8442099E8380090646D /* Debug */,
				8D22A8452099E8380090646D /* Release */,
			);
			defaultConfigurationIsVisible = 0;
			defaultConfigurationName = Release;
		};
		8D22A8462099E8380090646D /* Build configuration list for PBXNativeTarget "Protocoles+delegates" */ = {
			isa = XCConfigurationList;
			buildConfigurations = (
				8D22A8472099E8380090646D /* Debug */,
				8D22A8482099E8380090646D /* Release */,
			);
			defaultConfigurationIsVisible = 0;
			defaultConfigurationName = Release;
		};
/* End XCConfigurationList section */
	};
	rootObject = 8D22A82C2099E8370090646D /* Project object */;
}
